
Microsoft Visual Studio Solution File, Format Version 12.00
# Visual Studio Version 16
VisualStudioVersion = 16.0.29920.165
MinimumVisualStudioVersion = 10.0.40219.1
Project("{FAE04EC0-301F-11D3-BF4B-00C04F79EFBC}") = "web.application", "web.application\web.application.csproj", "{EC99ABF7-85DA-49BF-BA06-4BCA8923CDC5}"
EndProject
Global
	GlobalSection(SolutionConfigurationPlatforms) = preSolution
		Debug|Any CPU = Debug|Any CPU
		Release|Any CPU = Release|Any CPU
	EndGlobalSection
	GlobalSection(ProjectConfigurationPlatforms) = postSolution
		{EC99ABF7-85DA-49BF-BA06-4BCA8923CDC5}.Debug|Any CPU.ActiveCfg = Debug|Any CPU
		{EC99ABF7-85DA-49BF-BA06-4BCA8923CDC5}.Debug|Any CPU.Build.0 = Debug|Any CPU
		{EC99ABF7-85DA-49BF-BA06-4BCA8923CDC5}.Release|Any CPU.ActiveCfg = Release|Any CPU
		{EC99ABF7-85DA-49BF-BA06-4BCA8923CDC5}.Release|Any CPU.Build.0 = Release|Any CPU
	EndGlobalSection
	GlobalSection(SolutionProperties) = preSolution
		HideSolutionNode = FALSE
	EndGlobalSection
	GlobalSection(ExtensibilityGlobals) = postSolution
		SolutionGuid = {E6F05997-2737-4FFA-A19E-2C9D3E81EEF1}
	EndGlobalSection
EndGlobal
